
Microsoft Visual Studio Solution File, Format Version 12.00
# Visual Studio Version 17
VisualStudioVersion = 17.3.32804.467
MinimumVisualStudioVersion = 10.0.40219.1
Project("{FAE04EC0-301F-11D3-BF4B-00C04F79EFBC}") = "CarRentalApp", "CarRentalApp\CarRentalApp.csproj", "{BF4CCD83-95F2-4499-96F6-18F12C93C9BC}"
EndProject
Global
	GlobalSection(SolutionConfigurationPlatforms) = preSolution
		Debug|Any CPU = Debug|Any CPU
		Release|Any CPU = Release|Any CPU
	EndGlobalSection
	GlobalSection(ProjectConfigurationPlatforms) = postSolution
		{BF4CCD83-95F2-4499-96F6-18F12C93C9BC}.Debug|Any CPU.ActiveCfg = Debug|Any CPU
		{BF4CCD83-95F2-4499-96F6-18F12C93C9BC}.Debug|Any CPU.Build.0 = Debug|Any CPU
		{BF4CCD83-95F2-4499-96F6-18F12C93C9BC}.Release|Any CPU.ActiveCfg = Release|Any CPU
		{BF4CCD83-95F2-4499-96F6-18F12C93C9BC}.Release|Any CPU.Build.0 = Release|Any CPU
	EndGlobalSection
	GlobalSection(SolutionProperties) = preSolution
		HideSolutionNode = FALSE
	EndGlobalSection
	GlobalSection(ExtensibilityGlobals) = postSolution
		SolutionGuid = {969084A6-B2D2-468C-A791-B7B5F11E3E67}
	EndGlobalSection
EndGlobal
